
Microsoft Visual Studio Solution File, Format Version 12.00
# Visual Studio Version 16
VisualStudioVersion = 16.0.29613.14
MinimumVisualStudioVersion = 10.0.40219.1
Project("{9A19103F-16F7-4668-BE54-9A1E7A4F7556}") = "Wangkanai.IdentityAdmin", "src\IdentityAdmin\src\Wangkanai.IdentityAdmin.csproj", "{185F9651-155F-409E-9C17-1332DD8DAB3F}"
EndProject
Project("{9A19103F-16F7-4668-BE54-9A1E7A4F7556}") = "Wangkanai.IdentityAdmin.Core", "src\IdentityAdmin.Core\src\Wangkanai.IdentityAdmin.Core.csproj", "{9F9E3527-64CB-4D75-BEEC-5FC90ACEBB2E}"
EndProject
Project("{9A19103F-16F7-4668-BE54-9A1E7A4F7556}") = "Wangkanai.IdentityAdmin.WebApi", "src\IdentityAdmin.WebApi\src\Wangkanai.IdentityAdmin.WebApi.csproj", "{D91D7DF1-A44D-4F93-9805-D5BBA0F7C56B}"
EndProject
Project("{2150E333-8FDC-42A3-9474-1A3956D46DE8}") = "Solution Items", "Solution Items", "{901B87E7-5E03-429E-A4E6-44634EE55206}"
	ProjectSection(SolutionItems) = preProject
		.gitignore = .gitignore
		appveyor.yml = appveyor.yml
		.github\FUNDING.yml = .github\FUNDING.yml
		IdentityAdmin.sln.licenseheader = IdentityAdmin.sln.licenseheader
		md-styles.css = md-styles.css
		NuGet.config = NuGet.config
		README.md = README.md
		run.ps1 = run.ps1
	EndProjectSection
EndProject
Project("{9A19103F-16F7-4668-BE54-9A1E7A4F7556}") = "WebApp", "sample\WebApp\WebApp.csproj", "{5E4A537C-E6F7-4C9F-86F5-BE540846A61D}"
EndProject
Global
	GlobalSection(SolutionConfigurationPlatforms) = preSolution
		Debug|Any CPU = Debug|Any CPU
		Release|Any CPU = Release|Any CPU
	EndGlobalSection
	GlobalSection(ProjectConfigurationPlatforms) = postSolution
		{185F9651-155F-409E-9C17-1332DD8DAB3F}.Debug|Any CPU.ActiveCfg = Debug|Any CPU
		{185F9651-155F-409E-9C17-1332DD8DAB3F}.Debug|Any CPU.Build.0 = Debug|Any CPU
		{185F9651-155F-409E-9C17-1332DD8DAB3F}.Release|Any CPU.ActiveCfg = Release|Any CPU
		{185F9651-155F-409E-9C17-1332DD8DAB3F}.Release|Any CPU.Build.0 = Release|Any CPU
		{9F9E3527-64CB-4D75-BEEC-5FC90ACEBB2E}.Debug|Any CPU.ActiveCfg = Debug|Any CPU
		{9F9E3527-64CB-4D75-BEEC-5FC90ACEBB2E}.Debug|Any CPU.Build.0 = Debug|Any CPU
		{9F9E3527-64CB-4D75-BEEC-5FC90ACEBB2E}.Release|Any CPU.ActiveCfg = Release|Any CPU
		{9F9E3527-64CB-4D75-BEEC-5FC90ACEBB2E}.Release|Any CPU.Build.0 = Release|Any CPU
		{D91D7DF1-A44D-4F93-9805-D5BBA0F7C56B}.Debug|Any CPU.ActiveCfg = Debug|Any CPU
		{D91D7DF1-A44D-4F93-9805-D5BBA0F7C56B}.Debug|Any CPU.Build.0 = Debug|Any CPU
		{D91D7DF1-A44D-4F93-9805-D5BBA0F7C56B}.Release|Any CPU.ActiveCfg = Release|Any CPU
		{D91D7DF1-A44D-4F93-9805-D5BBA0F7C56B}.Release|Any CPU.Build.0 = Release|Any CPU
		{5E4A537C-E6F7-4C9F-86F5-BE540846A61D}.Debug|Any CPU.ActiveCfg = Debug|Any CPU
		{5E4A537C-E6F7-4C9F-86F5-BE540846A61D}.Debug|Any CPU.Build.0 = Debug|Any CPU
		{5E4A537C-E6F7-4C9F-86F5-BE540846A61D}.Release|Any CPU.ActiveCfg = Release|Any CPU
		{5E4A537C-E6F7-4C9F-86F5-BE540846A61D}.Release|Any CPU.Build.0 = Release|Any CPU
	EndGlobalSection
	GlobalSection(SolutionProperties) = preSolution
		HideSolutionNode = FALSE
	EndGlobalSection
	GlobalSection(ExtensibilityGlobals) = postSolution
		SolutionGuid = {68A483B5-989E-42FF-81F9-F1E65E3D6CED}
	EndGlobalSection
EndGlobal
