
Microsoft Visual Studio Solution File, Format Version 12.00
# Visual Studio 15
VisualStudioVersion = 15.0.27130.2027
MinimumVisualStudioVersion = 10.0.40219.1
Project("{9A19103F-16F7-4668-BE54-9A1E7A4F7556}") = "IdentityAdmin", "src\IdentityAdmin\IdentityAdmin.csproj", "{0ACD3F9E-1FA4-4F68-81D7-B4062A66AC24}"
EndProject
Project("{2150E333-8FDC-42A3-9474-1A3956D46DE8}") = "src", "src", "{621AB444-F390-4B09-9EED-6E42345967DF}"
EndProject
Project("{9A19103F-16F7-4668-BE54-9A1E7A4F7556}") = "IdentityAdmin.Core", "src\IdentityAdmin.Core\IdentityAdmin.Core.csproj", "{B21658BE-0702-4396-AA7E-A4287F416885}"
EndProject
Project("{2150E333-8FDC-42A3-9474-1A3956D46DE8}") = "global", "global", "{9D7B3431-8D49-4AD5-881B-7A536659F44E}"
	ProjectSection(SolutionItems) = preProject
		README.md = README.md
	EndProjectSection
EndProject
Project("{2150E333-8FDC-42A3-9474-1A3956D46DE8}") = "test", "test", "{E216DB9F-F0DA-4158-AA48-C97BDBBA3FD5}"
EndProject
Project("{FAE04EC0-301F-11D3-BF4B-00C04F79EFBC}") = "IdentityAdmin.Tests", "IdentityAdmin.Tests\IdentityAdmin.Tests.csproj", "{F688B9F4-4A3C-4B61-A4DB-097AE7480AD0}"
EndProject
Global
	GlobalSection(SolutionConfigurationPlatforms) = preSolution
		Debug|Any CPU = Debug|Any CPU
		Release|Any CPU = Release|Any CPU
	EndGlobalSection
	GlobalSection(ProjectConfigurationPlatforms) = postSolution
		{0ACD3F9E-1FA4-4F68-81D7-B4062A66AC24}.Debug|Any CPU.ActiveCfg = Debug|Any CPU
		{0ACD3F9E-1FA4-4F68-81D7-B4062A66AC24}.Debug|Any CPU.Build.0 = Debug|Any CPU
		{0ACD3F9E-1FA4-4F68-81D7-B4062A66AC24}.Release|Any CPU.ActiveCfg = Release|Any CPU
		{0ACD3F9E-1FA4-4F68-81D7-B4062A66AC24}.Release|Any CPU.Build.0 = Release|Any CPU
		{B21658BE-0702-4396-AA7E-A4287F416885}.Debug|Any CPU.ActiveCfg = Debug|Any CPU
		{B21658BE-0702-4396-AA7E-A4287F416885}.Debug|Any CPU.Build.0 = Debug|Any CPU
		{B21658BE-0702-4396-AA7E-A4287F416885}.Release|Any CPU.ActiveCfg = Release|Any CPU
		{B21658BE-0702-4396-AA7E-A4287F416885}.Release|Any CPU.Build.0 = Release|Any CPU
		{F688B9F4-4A3C-4B61-A4DB-097AE7480AD0}.Debug|Any CPU.ActiveCfg = Debug|Any CPU
		{F688B9F4-4A3C-4B61-A4DB-097AE7480AD0}.Debug|Any CPU.Build.0 = Debug|Any CPU
		{F688B9F4-4A3C-4B61-A4DB-097AE7480AD0}.Release|Any CPU.ActiveCfg = Release|Any CPU
		{F688B9F4-4A3C-4B61-A4DB-097AE7480AD0}.Release|Any CPU.Build.0 = Release|Any CPU
	EndGlobalSection
	GlobalSection(SolutionProperties) = preSolution
		HideSolutionNode = FALSE
	EndGlobalSection
	GlobalSection(NestedProjects) = preSolution
		{0ACD3F9E-1FA4-4F68-81D7-B4062A66AC24} = {621AB444-F390-4B09-9EED-6E42345967DF}
		{B21658BE-0702-4396-AA7E-A4287F416885} = {621AB444-F390-4B09-9EED-6E42345967DF}
		{F688B9F4-4A3C-4B61-A4DB-097AE7480AD0} = {E216DB9F-F0DA-4158-AA48-C97BDBBA3FD5}
	EndGlobalSection
	GlobalSection(ExtensibilityGlobals) = postSolution
		SolutionGuid = {68A483B5-989E-42FF-81F9-F1E65E3D6CED}
	EndGlobalSection
EndGlobal
