
Microsoft Visual Studio Solution File, Format Version 12.00
# Visual Studio Version 16
VisualStudioVersion = 16.0.29613.14
MinimumVisualStudioVersion = 10.0.40219.1
Project("{2150E333-8FDC-42A3-9474-1A3956D46DE8}") = "global", "global", "{9D7B3431-8D49-4AD5-881B-7A536659F44E}"
	ProjectSection(SolutionItems) = preProject
		.gitignore = .gitignore
		appveyor.yml = appveyor.yml
		README.md = README.md
		run.ps1 = run.ps1
	EndProjectSection
EndProject
Project("{2150E333-8FDC-42A3-9474-1A3956D46DE8}") = "IdentityAdmin", "IdentityAdmin", "{5DA8D4E1-26D6-41F5-8581-379AA7067DE6}"
EndProject
Project("{2150E333-8FDC-42A3-9474-1A3956D46DE8}") = "IdentityAdmin.Core", "IdentityAdmin.Core", "{3E928435-0BA7-412E-A70F-D2E6F677EFF5}"
EndProject
Project("{2150E333-8FDC-42A3-9474-1A3956D46DE8}") = "IdentityAdmin.Api", "IdentityAdmin.Api", "{150632E7-75FE-4165-982E-099FE1E19771}"
EndProject
Project("{9A19103F-16F7-4668-BE54-9A1E7A4F7556}") = "Wangkanai.IdentityAdmin", "src\IdentityAdmin\src\Wangkanai.IdentityAdmin.csproj", "{185F9651-155F-409E-9C17-1332DD8DAB3F}"
EndProject
Project("{9A19103F-16F7-4668-BE54-9A1E7A4F7556}") = "Wangkanai.IdentityAdmin.Api", "src\IdentityAdmin.Api\src\Wangkanai.IdentityAdmin.Api.csproj", "{7EA40EE3-A6E4-4ACD-9A99-0D965B0F7B72}"
EndProject
Project("{9A19103F-16F7-4668-BE54-9A1E7A4F7556}") = "Wangkanai.IdentityAdmin.Core", "src\IdentityAdmin.Core\src\Wangkanai.IdentityAdmin.Core.csproj", "{9F9E3527-64CB-4D75-BEEC-5FC90ACEBB2E}"
EndProject
Global
	GlobalSection(SolutionConfigurationPlatforms) = preSolution
		Debug|Any CPU = Debug|Any CPU
		Release|Any CPU = Release|Any CPU
	EndGlobalSection
	GlobalSection(ProjectConfigurationPlatforms) = postSolution
		{185F9651-155F-409E-9C17-1332DD8DAB3F}.Debug|Any CPU.ActiveCfg = Debug|Any CPU
		{185F9651-155F-409E-9C17-1332DD8DAB3F}.Debug|Any CPU.Build.0 = Debug|Any CPU
		{185F9651-155F-409E-9C17-1332DD8DAB3F}.Release|Any CPU.ActiveCfg = Release|Any CPU
		{185F9651-155F-409E-9C17-1332DD8DAB3F}.Release|Any CPU.Build.0 = Release|Any CPU
		{7EA40EE3-A6E4-4ACD-9A99-0D965B0F7B72}.Debug|Any CPU.ActiveCfg = Debug|Any CPU
		{7EA40EE3-A6E4-4ACD-9A99-0D965B0F7B72}.Debug|Any CPU.Build.0 = Debug|Any CPU
		{7EA40EE3-A6E4-4ACD-9A99-0D965B0F7B72}.Release|Any CPU.ActiveCfg = Release|Any CPU
		{7EA40EE3-A6E4-4ACD-9A99-0D965B0F7B72}.Release|Any CPU.Build.0 = Release|Any CPU
		{9F9E3527-64CB-4D75-BEEC-5FC90ACEBB2E}.Debug|Any CPU.ActiveCfg = Debug|Any CPU
		{9F9E3527-64CB-4D75-BEEC-5FC90ACEBB2E}.Debug|Any CPU.Build.0 = Debug|Any CPU
		{9F9E3527-64CB-4D75-BEEC-5FC90ACEBB2E}.Release|Any CPU.ActiveCfg = Release|Any CPU
		{9F9E3527-64CB-4D75-BEEC-5FC90ACEBB2E}.Release|Any CPU.Build.0 = Release|Any CPU
	EndGlobalSection
	GlobalSection(SolutionProperties) = preSolution
		HideSolutionNode = FALSE
	EndGlobalSection
	GlobalSection(NestedProjects) = preSolution
		{185F9651-155F-409E-9C17-1332DD8DAB3F} = {5DA8D4E1-26D6-41F5-8581-379AA7067DE6}
		{7EA40EE3-A6E4-4ACD-9A99-0D965B0F7B72} = {150632E7-75FE-4165-982E-099FE1E19771}
		{9F9E3527-64CB-4D75-BEEC-5FC90ACEBB2E} = {3E928435-0BA7-412E-A70F-D2E6F677EFF5}
	EndGlobalSection
	GlobalSection(ExtensibilityGlobals) = postSolution
		SolutionGuid = {68A483B5-989E-42FF-81F9-F1E65E3D6CED}
	EndGlobalSection
EndGlobal
